{
  "requires": true,
  "lockfileVersion": 1,
  "dependencies": {
    "arcsecond": {
      "version": "3.1.3",
      "resolved": "https://registry.npmjs.org/arcsecond/-/arcsecond-3.1.3.tgz",
      "integrity": "sha512-e7kt7jHrxD6kBkx/5gQ7wxvGj4sVzx+u/UujbKaUlFX2UCuGXHnBncvuzn9eFzBMK3SC/HakoyiDL4LSsgkA7A=="
    }
  }
}
